// !$*UTF8*$!
{
	archiveVersion = 1;
	classes = {
	};
	objectVersion = 50;
	objects = {

/* Begin PBXBuildFile section */
		D08FD9B321C2699800B5741F /* AppDelegate.swift in Sources */ = {isa = PBXBuildFile; fileRef = D08FD9B221C2699800B5741F /* AppDelegate.swift */; };
		D08FD9B521C2699800B5741F /* TodoListViewController.swift in Sources */ = {isa = PBXBuildFile; fileRef = D08FD9B421C2699800B5741F /* TodoListViewController.swift */; };
		D08FD9B821C2699800B5741F /* Main.storyboard in Resources */ = {isa = PBXBuildFile; fileRef = D08FD9B621C2699800B5741F /* Main.storyboard */; };
		D08FD9BA21C2699A00B5741F /* Assets.xcassets in Resources */ = {isa = PBXBuildFile; fileRef = D08FD9B921C2699A00B5741F /* Assets.xcassets */; };
		D08FD9BD21C2699A00B5741F /* LaunchScreen.storyboard in Resources */ = {isa = PBXBuildFile; fileRef = D08FD9BB21C2699A00B5741F /* LaunchScreen.storyboard */; };
		D08FDA0F21C7F42E00B5741F /* DataModel.xcdatamodeld in Sources */ = {isa = PBXBuildFile; fileRef = D08FDA0D21C7F42E00B5741F /* DataModel.xcdatamodeld */; };
		D08FDA1121C9436F00B5741F /* CategoryViewController.swift in Sources */ = {isa = PBXBuildFile; fileRef = D08FDA1021C9436F00B5741F /* CategoryViewController.swift */; };
/* End PBXBuildFile section */

/* Begin PBXFileReference section */
		D08FD9AF21C2699800B5741F /* Todoapp.app */ = {isa = PBXFileReference; explicitFileType = wrapper.application; includeInIndex = 0; path = Todoapp.app; sourceTree = BUILT_PRODUCTS_DIR; };
		D08FD9B221C2699800B5741F /* AppDelegate.swift */ = {isa = PBXFileReference; lastKnownFileType = sourcecode.swift; path = AppDelegate.swift; sourceTree = "<group>"; };
		D08FD9B421C2699800B5741F /* TodoListViewController.swift */ = {isa = PBXFileReference; lastKnownFileType = sourcecode.swift; path = TodoListViewController.swift; sourceTree = "<group>"; };
		D08FD9B721C2699800B5741F /* Base */ = {isa = PBXFileReference; lastKnownFileType = file.storyboard; name = Base; path = Base.lproj/Main.storyboard; sourceTree = "<group>"; };
		D08FD9B921C2699A00B5741F /* Assets.xcassets */ = {isa = PBXFileReference; lastKnownFileType = folder.assetcatalog; path = Assets.xcassets; sourceTree = "<group>"; };
		D08FD9BC21C2699A00B5741F /* Base */ = {isa = PBXFileReference; lastKnownFileType = file.storyboard; name = Base; path = Base.lproj/LaunchScreen.storyboard; sourceTree = "<group>"; };
		D08FD9BE21C2699A00B5741F /* Info.plist */ = {isa = PBXFileReference; lastKnownFileType = text.plist.xml; path = Info.plist; sourceTree = "<group>"; };
		D08FDA0E21C7F42E00B5741F /* DataModel.xcdatamodel */ = {isa = PBXFileReference; explicitFileType = wrapper.xcdatamodel; path = DataModel.xcdatamodel; sourceTree = "<group>"; };
		D08FDA1021C9436F00B5741F /* CategoryViewController.swift */ = {isa = PBXFileReference; lastKnownFileType = sourcecode.swift; path = CategoryViewController.swift; sourceTree = "<group>"; };
/* End PBXFileReference section */

/* Begin PBXFrameworksBuildPhase section */
		D08FD9AC21C2699800B5741F /* Frameworks */ = {
			isa = PBXFrameworksBuildPhase;
			buildActionMask = 2147483647;
			files = (
			);
			runOnlyForDeploymentPostprocessing = 0;
		};
/* End PBXFrameworksBuildPhase section */

/* Begin PBXGroup section */
		D08FD9A621C2699800B5741F = {
			isa = PBXGroup;
			children = (
				D08FD9B121C2699800B5741F /* Todoapp */,
				D08FD9B021C2699800B5741F /* Products */,
			);
			sourceTree = "<group>";
		};
		D08FD9B021C2699800B5741F /* Products */ = {
			isa = PBXGroup;
			children = (
				D08FD9AF21C2699800B5741F /* Todoapp.app */,
			);
			name = Products;
			sourceTree = "<group>";
		};
		D08FD9B121C2699800B5741F /* Todoapp */ = {
			isa = PBXGroup;
			children = (
				D08FD9B221C2699800B5741F /* AppDelegate.swift */,
				D08FD9C621C2C62400B5741F /* Model */,
				D08FD9C721C2C64300B5741F /* Controllers */,
				D08FD9C821C2C65500B5741F /* Views */,
				D08FD9C921C2C66B00B5741F /* Supporting Files */,
				D08FD9BE21C2699A00B5741F /* Info.plist */,
			);
			path = Todoapp;
			sourceTree = "<group>";
		};
		D08FD9C621C2C62400B5741F /* Model */ = {
			isa = PBXGroup;
			children = (
				D08FDA0D21C7F42E00B5741F /* DataModel.xcdatamodeld */,
			);
			path = Model;
			sourceTree = "<group>";
		};
		D08FD9C721C2C64300B5741F /* Controllers */ = {
			isa = PBXGroup;
			children = (
				D08FDA1021C9436F00B5741F /* CategoryViewController.swift */,
				D08FD9B421C2699800B5741F /* TodoListViewController.swift */,
			);
			path = Controllers;
			sourceTree = "<group>";
		};
		D08FD9C821C2C65500B5741F /* Views */ = {
			isa = PBXGroup;
			children = (
				D08FD9B621C2699800B5741F /* Main.storyboard */,
			);
			path = Views;
			sourceTree = "<group>";
		};
		D08FD9C921C2C66B00B5741F /* Supporting Files */ = {
			isa = PBXGroup;
			children = (
				D08FD9B921C2699A00B5741F /* Assets.xcassets */,
				D08FD9BB21C2699A00B5741F /* LaunchScreen.storyboard */,
			);
			path = "Supporting Files";
			sourceTree = "<group>";
		};
/* End PBXGroup section */

/* Begin PBXNativeTarget section */
		D08FD9AE21C2699800B5741F /* Todoapp */ = {
			isa = PBXNativeTarget;
			buildConfigurationList = D08FD9C121C2699A00B5741F /* Build configuration list for PBXNativeTarget "Todoapp" */;
			buildPhases = (
				D08FD9AB21C2699800B5741F /* Sources */,
				D08FD9AC21C2699800B5741F /* Frameworks */,
				D08FD9AD21C2699800B5741F /* Resources */,
			);
			buildRules = (
			);
			dependencies = (
			);
			name = Todoapp;
			productName = Todoapp;
			productReference = D08FD9AF21C2699800B5741F /* Todoapp.app */;
			productType = "com.apple.product-type.application";
		};
/* End PBXNativeTarget section */

/* Begin PBXProject section */
		D08FD9A721C2699800B5741F /* Project object */ = {
			isa = PBXProject;
			attributes = {
				LastSwiftUpdateCheck = 1010;
				LastUpgradeCheck = 1010;
				ORGANIZATIONNAME = "alex oviedo";
				TargetAttributes = {
					D08FD9AE21C2699800B5741F = {
						CreatedOnToolsVersion = 10.1;
					};
				};
			};
			buildConfigurationList = D08FD9AA21C2699800B5741F /* Build configuration list for PBXProject "Todoapp" */;
			compatibilityVersion = "Xcode 9.3";
			developmentRegion = en;
			hasScannedForEncodings = 0;
			knownRegions = (
				en,
				Base,
			);
			mainGroup = D08FD9A621C2699800B5741F;
			productRefGroup = D08FD9B021C2699800B5741F /* Products */;
			projectDirPath = "";
			projectRoot = "";
			targets = (
				D08FD9AE21C2699800B5741F /* Todoapp */,
			);
		};
/* End PBXProject section */

/* Begin PBXResourcesBuildPhase section */
		D08FD9AD21C2699800B5741F /* Resources */ = {
			isa = PBXResourcesBuildPhase;
			buildActionMask = 2147483647;
			files = (
				D08FD9BD21C2699A00B5741F /* LaunchScreen.storyboard in Resources */,
				D08FD9BA21C2699A00B5741F /* Assets.xcassets in Resources */,
				D08FD9B821C2699800B5741F /* Main.storyboard in Resources */,
			);
			runOnlyForDeploymentPostprocessing = 0;
		};
/* End PBXResourcesBuildPhase section */

/* Begin PBXSourcesBuildPhase section */
		D08FD9AB21C2699800B5741F /* Sources */ = {
			isa = PBXSourcesBuildPhase;
			buildActionMask = 2147483647;
			files = (
				D08FDA1121C9436F00B5741F /* CategoryViewController.swift in Sources */,
				D08FDA0F21C7F42E00B5741F /* DataModel.xcdatamodeld in Sources */,
				D08FD9B521C2699800B5741F /* TodoListViewController.swift in Sources */,
				D08FD9B321C2699800B5741F /* AppDelegate.swift in Sources */,
			);
			runOnlyForDeploymentPostprocessing = 0;
		};
/* End PBXSourcesBuildPhase section */

/* Begin PBXVariantGroup section */
		D08FD9B621C2699800B5741F /* Main.storyboard */ = {
			isa = PBXVariantGroup;
			children = (
				D08FD9B721C2699800B5741F /* Base */,
			);
			name = Main.storyboard;
			sourceTree = "<group>";
		};
		D08FD9BB21C2699A00B5741F /* LaunchScreen.storyboard */ = {
			isa = PBXVariantGroup;
			children = (
				D08FD9BC21C2699A00B5741F /* Base */,
			);
			name = LaunchScreen.storyboard;
			sourceTree = "<group>";
		};
/* End PBXVariantGroup section */

/* Begin XCBuildConfiguration section */
		D08FD9BF21C2699A00B5741F /* Debug */ = {
			isa = XCBuildConfiguration;
			buildSettings = {
				ALWAYS_SEARCH_USER_PATHS = NO;
				CLANG_ANALYZER_NONNULL = YES;
				CLANG_ANALYZER_NUMBER_OBJECT_CONVERSION = YES_AGGRESSIVE;
				CLANG_CXX_LANGUAGE_STANDARD = "gnu++14";
				CLANG_CXX_LIBRARY = "libc++";
				CLANG_ENABLE_MODULES = YES;
				CLANG_ENABLE_OBJC_ARC = YES;
				CLANG_ENABLE_OBJC_WEAK = YES;
				CLANG_WARN_BLOCK_CAPTURE_AUTORELEASING = YES;
				CLANG_WARN_BOOL_CONVERSION = YES;
				CLANG_WARN_COMMA = YES;
				CLANG_WARN_CONSTANT_CONVERSION = YES;
				CLANG_WARN_DEPRECATED_OBJC_IMPLEMENTATIONS = YES;
				CLANG_WARN_DIRECT_OBJC_ISA_USAGE = YES_ERROR;
				CLANG_WARN_DOCUMENTATION_COMMENTS = YES;
				CLANG_WARN_EMPTY_BODY = YES;
				CLANG_WARN_ENUM_CONVERSION = YES;
				CLANG_WARN_INFINITE_RECURSION = YES;
				CLANG_WARN_INT_CONVERSION = YES;
				CLANG_WARN_NON_LITERAL_NULL_CONVERSION = YES;
				CLANG_WARN_OBJC_IMPLICIT_RETAIN_SELF = YES;
				CLANG_WARN_OBJC_LITERAL_CONVERSION = YES;
				CLANG_WARN_OBJC_ROOT_CLASS = YES_ERROR;
				CLANG_WARN_RANGE_LOOP_ANALYSIS = YES;
				CLANG_WARN_STRICT_PROTOTYPES = YES;
				CLANG_WARN_SUSPICIOUS_MOVE = YES;
				CLANG_WARN_UNGUARDED_AVAILABILITY = YES_AGGRESSIVE;
				CLANG_WARN_UNREACHABLE_CODE = YES;
				CLANG_WARN__DUPLICATE_METHOD_MATCH = YES;
				CODE_SIGN_IDENTITY = "iPhone Developer";
				COPY_PHASE_STRIP = NO;
				DEBUG_INFORMATION_FORMAT = dwarf;
				ENABLE_STRICT_OBJC_MSGSEND = YES;
				ENABLE_TESTABILITY = YES;
				GCC_C_LANGUAGE_STANDARD = gnu11;
				GCC_DYNAMIC_NO_PIC = NO;
				GCC_NO_COMMON_BLOCKS = YES;
				GCC_OPTIMIZATION_LEVEL = 0;
				GCC_PREPROCESSOR_DEFINITIONS = (
					"DEBUG=1",
					"$(inherited)",
				);
				GCC_WARN_64_TO_32_BIT_CONVERSION = YES;
				GCC_WARN_ABOUT_RETURN_TYPE = YES_ERROR;
				GCC_WARN_UNDECLARED_SELECTOR = YES;
				GCC_WARN_UNINITIALIZED_AUTOS = YES_AGGRESSIVE;
				GCC_WARN_UNUSED_FUNCTION = YES;
				GCC_WARN_UNUSED_VARIABLE = YES;
				IPHONEOS_DEPLOYMENT_TARGET = 12.1;
				MTL_ENABLE_DEBUG_INFO = INCLUDE_SOURCE;
				MTL_FAST_MATH = YES;
				ONLY_ACTIVE_ARCH = YES;
				SDKROOT = iphoneos;
				SWIFT_ACTIVE_COMPILATION_CONDITIONS = DEBUG;
				SWIFT_OPTIMIZATION_LEVEL = "-Onone";
			};
			name = Debug;
		};
		D08FD9C021C2699A00B5741F /* Release */ = {
			isa = XCBuildConfiguration;
			buildSettings = {
				ALWAYS_SEARCH_USER_PATHS = NO;
				CLANG_ANALYZER_NONNULL = YES;
				CLANG_ANALYZER_NUMBER_OBJECT_CONVERSION = YES_AGGRESSIVE;
				CLANG_CXX_LANGUAGE_STANDARD = "gnu++14";
				CLANG_CXX_LIBRARY = "libc++";
				CLANG_ENABLE_MODULES = YES;
				CLANG_ENABLE_OBJC_ARC = YES;
				CLANG_ENABLE_OBJC_WEAK = YES;
				CLANG_WARN_BLOCK_CAPTURE_AUTORELEASING = YES;
				CLANG_WARN_BOOL_CONVERSION = YES;
				CLANG_WARN_COMMA = YES;
				CLANG_WARN_CONSTANT_CONVERSION = YES;
				CLANG_WARN_DEPRECATED_OBJC_IMPLEMENTATIONS = YES;
				CLANG_WARN_DIRECT_OBJC_ISA_USAGE = YES_ERROR;
				CLANG_WARN_DOCUMENTATION_COMMENTS = YES;
				CLANG_WARN_EMPTY_BODY = YES;
				CLANG_WARN_ENUM_CONVERSION = YES;
				CLANG_WARN_INFINITE_RECURSION = YES;
				CLANG_WARN_INT_CONVERSION = YES;
				CLANG_WARN_NON_LITERAL_NULL_CONVERSION = YES;
				CLANG_WARN_OBJC_IMPLICIT_RETAIN_SELF = YES;
				CLANG_WARN_OBJC_LITERAL_CONVERSION = YES;
				CLANG_WARN_OBJC_ROOT_CLASS = YES_ERROR;
				CLANG_WARN_RANGE_LOOP_ANALYSIS = YES;
				CLANG_WARN_STRICT_PROTOTYPES = YES;
				CLANG_WARN_SUSPICIOUS_MOVE = YES;
				CLANG_WARN_UNGUARDED_AVAILABILITY = YES_AGGRESSIVE;
				CLANG_WARN_UNREACHABLE_CODE = YES;
				CLANG_WARN__DUPLICATE_METHOD_MATCH = YES;
				CODE_SIGN_IDENTITY = "iPhone Developer";
				COPY_PHASE_STRIP = NO;
				DEBUG_INFORMATION_FORMAT = "dwarf-with-dsym";
				ENABLE_NS_ASSERTIONS = NO;
				ENABLE_STRICT_OBJC_MSGSEND = YES;
				GCC_C_LANGUAGE_STANDARD = gnu11;
				GCC_NO_COMMON_BLOCKS = YES;
				GCC_WARN_64_TO_32_BIT_CONVERSION = YES;
				GCC_WARN_ABOUT_RETURN_TYPE = YES_ERROR;
				GCC_WARN_UNDECLARED_SELECTOR = YES;
				GCC_WARN_UNINITIALIZED_AUTOS = YES_AGGRESSIVE;
				GCC_WARN_UNUSED_FUNCTION = YES;
				GCC_WARN_UNUSED_VARIABLE = YES;
				IPHONEOS_DEPLOYMENT_TARGET = 12.1;
				MTL_ENABLE_DEBUG_INFO = NO;
				MTL_FAST_MATH = YES;
				SDKROOT = iphoneos;
				SWIFT_COMPILATION_MODE = wholemodule;
				SWIFT_OPTIMIZATION_LEVEL = "-O";
				VALIDATE_PRODUCT = YES;
			};
			name = Release;
		};
		D08FD9C221C2699A00B5741F /* Debug */ = {
			isa = XCBuildConfiguration;
			buildSettings = {
				ASSETCATALOG_COMPILER_APPICON_NAME = AppIcon;
				CODE_SIGN_STYLE = Automatic;
				DEVELOPMENT_TEAM = 8PF88V4NL5;
				INFOPLIST_FILE = Todoapp/Info.plist;
				LD_RUNPATH_SEARCH_PATHS = (
					"$(inherited)",
					"@executable_path/Frameworks",
				);
				PRODUCT_BUNDLE_IDENTIFIER = ventures.uniq.Todoapp;
				PRODUCT_NAME = "$(TARGET_NAME)";
				SWIFT_VERSION = 4.2;
				TARGETED_DEVICE_FAMILY = "1,2";
			};
			name = Debug;
		};
		D08FD9C321C2699A00B5741F /* Release */ = {
			isa = XCBuildConfiguration;
			buildSettings = {
				ASSETCATALOG_COMPILER_APPICON_NAME = AppIcon;
				CODE_SIGN_STYLE = Automatic;
				DEVELOPMENT_TEAM = 8PF88V4NL5;
				INFOPLIST_FILE = Todoapp/Info.plist;
				LD_RUNPATH_SEARCH_PATHS = (
					"$(inherited)",
					"@executable_path/Frameworks",
				);
				PRODUCT_BUNDLE_IDENTIFIER = ventures.uniq.Todoapp;
				PRODUCT_NAME = "$(TARGET_NAME)";
				SWIFT_VERSION = 4.2;
				TARGETED_DEVICE_FAMILY = "1,2";
			};
			name = Release;
		};
/* End XCBuildConfiguration section */

/* Begin XCConfigurationList section */
		D08FD9AA21C2699800B5741F /* Build configuration list for PBXProject "Todoapp" */ = {
			isa = XCConfigurationList;
			buildConfigurations = (
				D08FD9BF21C2699A00B5741F /* Debug */,
				D08FD9C021C2699A00B5741F /* Release */,
			);
			defaultConfigurationIsVisible = 0;
			defaultConfigurationName = Release;
		};
		D08FD9C121C2699A00B5741F /* Build configuration list for PBXNativeTarget "Todoapp" */ = {
			isa = XCConfigurationList;
			buildConfigurations = (
				D08FD9C221C2699A00B5741F /* Debug */,
				D08FD9C321C2699A00B5741F /* Release */,
			);
			defaultConfigurationIsVisible = 0;
			defaultConfigurationName = Release;
		};
/* End XCConfigurationList section */

/* Begin XCVersionGroup section */
		D08FDA0D21C7F42E00B5741F /* DataModel.xcdatamodeld */ = {
			isa = XCVersionGroup;
			children = (
				D08FDA0E21C7F42E00B5741F /* DataModel.xcdatamodel */,
			);
			currentVersion = D08FDA0E21C7F42E00B5741F /* DataModel.xcdatamodel */;
			path = DataModel.xcdatamodeld;
			sourceTree = "<group>";
			versionGroupType = wrapper.xcdatamodel;
		};
/* End XCVersionGroup section */
	};
	rootObject = D08FD9A721C2699800B5741F /* Project object */;
}
